PODS:
  - FlutterMacOS (1.0.0)
  - studio (0.0.1):
    - FlutterMacOS

DEPENDENCIES:
  - FlutterMacOS (from `Flutter/ephemeral/.symlinks/flutter/darwin-x64`)
  - studio (from `Flutter/ephemeral/.symlinks/plugins/studio/macos`)

EXTERNAL SOURCES:
  FlutterMacOS:
    :path: Flutter/ephemeral/.symlinks/flutter/darwin-x64
  studio:
    :path: Flutter/ephemeral/.symlinks/plugins/studio/macos

SPEC CHECKSUMS:
  FlutterMacOS: 15bea8a44d2fa024068daa0140371c020b4b6ff9
  studio: 7ec280af490b8eafc36150c4358964df9f4686cd

PODFILE CHECKSUM: d8ba9b3e9e93c62c74a660b46c6fcb09f03991a7

COCOAPODS: 1.8.4
