PODS:
  - FlutterMacOS (2.0.0)
  - studio (0.0.1):
    - FlutterMacOS

DEPENDENCIES:
  - studio (from `Flutter/ephemeral/.symlinks/plugins/studio/macos`)

SPEC REPOS:
  trunk:
    - FlutterMacOS

EXTERNAL SOURCES:
  studio:
    :path: Flutter/ephemeral/.symlinks/plugins/studio/macos

SPEC CHECKSUMS:
  FlutterMacOS: 2f1b456c4d9436c4d4d13919bd3be8ef03ba6322
  studio: 02ff86fd93059e1679ee9ab54abf035b0ce0ac37

PODFILE CHECKSUM: d8ba9b3e9e93c62c74a660b46c6fcb09f03991a7

COCOAPODS: 1.10.1
