PODS:
  - Flutter (1.0.0)
  - studio (0.0.1):
    - Flutter

DEPENDENCIES:
  - Flutter (from `Flutter`)
  - studio (from `.symlinks/plugins/studio/ios`)

EXTERNAL SOURCES:
  Flutter:
    :path: Flutter
  studio:
    :path: ".symlinks/plugins/studio/ios"

SPEC CHECKSUMS:
  Flutter: 0e3d915762c693b495b44d77113d4970485de6ec
  studio: 181b4ed7ab9a8c990f98c686f67b777fa84193cd

PODFILE CHECKSUM: aafe91acc616949ddb318b77800a7f51bffa2a4c

COCOAPODS: 1.8.4
